
Microsoft Visual Studio Solution File, Format Version 12.00
# Visual Studio Version 16
VisualStudioVersion = 16.0.30804.86
MinimumVisualStudioVersion = 10.0.40219.1
Project("{FAE04EC0-301F-11D3-BF4B-00C04F79EFBC}") = "test", "test\test.csproj", "{0BE9F1A8-46CA-46B1-AAC4-DF280D202A4D}"
EndProject
Global
	GlobalSection(SolutionConfigurationPlatforms) = preSolution
		Debug|Any CPU = Debug|Any CPU
		Release|Any CPU = Release|Any CPU
	EndGlobalSection
	GlobalSection(ProjectConfigurationPlatforms) = postSolution
		{0BE9F1A8-46CA-46B1-AAC4-DF280D202A4D}.Debug|Any CPU.ActiveCfg = Debug|Any CPU
		{0BE9F1A8-46CA-46B1-AAC4-DF280D202A4D}.Debug|Any CPU.Build.0 = Debug|Any CPU
		{0BE9F1A8-46CA-46B1-AAC4-DF280D202A4D}.Release|Any CPU.ActiveCfg = Release|Any CPU
		{0BE9F1A8-46CA-46B1-AAC4-DF280D202A4D}.Release|Any CPU.Build.0 = Release|Any CPU
	EndGlobalSection
	GlobalSection(SolutionProperties) = preSolution
		HideSolutionNode = FALSE
	EndGlobalSection
	GlobalSection(ExtensibilityGlobals) = postSolution
		SolutionGuid = {7DF73F8C-AF28-40D9-992D-E3274FE84347}
	EndGlobalSection
EndGlobal
